
Microsoft Visual Studio Solution File, Format Version 10.00
# Visual Studio 2008
Project("{FAE04EC0-301F-11D3-BF4B-00C04F79EFBC}") = "nLogCruncher", "nLogCruncher\nLogCruncher.csproj", "{297483E3-3B24-48F9-92C3-3FFA696E9379}"
EndProject
Project("{FAE04EC0-301F-11D3-BF4B-00C04F79EFBC}") = "NLogTestSender", "NLogSender\NLogTestSender.csproj", "{CCB1730F-4E84-4FF2-BE83-B8B5E5AE08B7}"
EndProject
Global
	GlobalSection(SolutionConfigurationPlatforms) = preSolution
		Debug|Any CPU = Debug|Any CPU
		Release|Any CPU = Release|Any CPU
	EndGlobalSection
	GlobalSection(ProjectConfigurationPlatforms) = postSolution
		{297483E3-3B24-48F9-92C3-3FFA696E9379}.Debug|Any CPU.ActiveCfg = Debug|Any CPU
		{297483E3-3B24-48F9-92C3-3FFA696E9379}.Debug|Any CPU.Build.0 = Debug|Any CPU
		{297483E3-3B24-48F9-92C3-3FFA696E9379}.Release|Any CPU.ActiveCfg = Release|Any CPU
		{297483E3-3B24-48F9-92C3-3FFA696E9379}.Release|Any CPU.Build.0 = Release|Any CPU
		{CCB1730F-4E84-4FF2-BE83-B8B5E5AE08B7}.Debug|Any CPU.ActiveCfg = Debug|Any CPU
		{CCB1730F-4E84-4FF2-BE83-B8B5E5AE08B7}.Debug|Any CPU.Build.0 = Debug|Any CPU
		{CCB1730F-4E84-4FF2-BE83-B8B5E5AE08B7}.Release|Any CPU.ActiveCfg = Release|Any CPU
		{CCB1730F-4E84-4FF2-BE83-B8B5E5AE08B7}.Release|Any CPU.Build.0 = Release|Any CPU
	EndGlobalSection
	GlobalSection(SolutionProperties) = preSolution
		HideSolutionNode = FALSE
	EndGlobalSection
	GlobalSection(ExtensibilityGlobals) = postSolution
		VisualSVNWorkingCopyRoot = ..\..
	EndGlobalSection
EndGlobal
